// !$*UTF8*$!
{
	archiveVersion = 1;
	classes = {
	};
	objectVersion = 56;
	objects = {

/* Begin PBXBuildFile section */
		2B92D5B62C29AE400005F796 /* navigationApp.swift in Sources */ = {isa = PBXBuildFile; fileRef = 2B92D5B52C29AE400005F796 /* navigationApp.swift */; };
		2B92D5B82C29AE400005F796 /* ContentView.swift in Sources */ = {isa = PBXBuildFile; fileRef = 2B92D5B72C29AE400005F796 /* ContentView.swift */; };
		2B92D5BA2C29AE420005F796 /* Assets.xcassets in Resources */ = {isa = PBXBuildFile; fileRef = 2B92D5B92C29AE420005F796 /* Assets.xcassets */; };
		2B92D5BD2C29AE420005F796 /* Preview Assets.xcassets in Resources */ = {isa = PBXBuildFile; fileRef = 2B92D5BC2C29AE420005F796 /* Preview Assets.xcassets */; };
		2B92D5C72C29AE420005F796 /* navigationTests.swift in Sources */ = {isa = PBXBuildFile; fileRef = 2B92D5C62C29AE420005F796 /* navigationTests.swift */; };
		2B92D5D12C29AE420005F796 /* navigationUITests.swift in Sources */ = {isa = PBXBuildFile; fileRef = 2B92D5D02C29AE420005F796 /* navigationUITests.swift */; };
		2B92D5D32C29AE420005F796 /* navigationUITestsLaunchTests.swift in Sources */ = {isa = PBXBuildFile; fileRef = 2B92D5D22C29AE420005F796 /* navigationUITestsLaunchTests.swift */; };
/* End PBXBuildFile section */

/* Begin PBXContainerItemProxy section */
		2B92D5C32C29AE420005F796 /* PBXContainerItemProxy */ = {
			isa = PBXContainerItemProxy;
			containerPortal = 2B92D5AA2C29AE400005F796 /* Project object */;
			proxyType = 1;
			remoteGlobalIDString = 2B92D5B12C29AE400005F796;
			remoteInfo = navigation;
		};
		2B92D5CD2C29AE420005F796 /* PBXContainerItemProxy */ = {
			isa = PBXContainerItemProxy;
			containerPortal = 2B92D5AA2C29AE400005F796 /* Project object */;
			proxyType = 1;
			remoteGlobalIDString = 2B92D5B12C29AE400005F796;
			remoteInfo = navigation;
		};
/* End PBXContainerItemProxy section */

/* Begin PBXFileReference section */
		2B92D5B22C29AE400005F796 /* navigation.app */ = {isa = PBXFileReference; explicitFileType = wrapper.application; includeInIndex = 0; path = navigation.app; sourceTree = BUILT_PRODUCTS_DIR; };
		2B92D5B52C29AE400005F796 /* navigationApp.swift */ = {isa = PBXFileReference; lastKnownFileType = sourcecode.swift; path = navigationApp.swift; sourceTree = "<group>"; };
		2B92D5B72C29AE400005F796 /* ContentView.swift */ = {isa = PBXFileReference; lastKnownFileType = sourcecode.swift; path = ContentView.swift; sourceTree = "<group>"; };
		2B92D5B92C29AE420005F796 /* Assets.xcassets */ = {isa = PBXFileReference; lastKnownFileType = folder.assetcatalog; path = Assets.xcassets; sourceTree = "<group>"; };
		2B92D5BC2C29AE420005F796 /* Preview Assets.xcassets */ = {isa = PBXFileReference; lastKnownFileType = folder.assetcatalog; path = "Preview Assets.xcassets"; sourceTree = "<group>"; };
		2B92D5C22C29AE420005F796 /* navigationTests.xctest */ = {isa = PBXFileReference; explicitFileType = wrapper.cfbundle; includeInIndex = 0; path = navigationTests.xctest; sourceTree = BUILT_PRODUCTS_DIR; };
		2B92D5C62C29AE420005F796 /* navigationTests.swift */ = {isa = PBXFileReference; lastKnownFileType = sourcecode.swift; path = navigationTests.swift; sourceTree = "<group>"; };
		2B92D5CC2C29AE420005F796 /* navigationUITests.xctest */ = {isa = PBXFileReference; explicitFileType = wrapper.cfbundle; includeInIndex = 0; path = navigationUITests.xctest; sourceTree = BUILT_PRODUCTS_DIR; };
		2B92D5D02C29AE420005F796 /* navigationUITests.swift */ = {isa = PBXFileReference; lastKnownFileType = sourcecode.swift; path = navigationUITests.swift; sourceTree = "<group>"; };
		2B92D5D22C29AE420005F796 /* navigationUITestsLaunchTests.swift */ = {isa = PBXFileReference; lastKnownFileType = sourcecode.swift; path = navigationUITestsLaunchTests.swift; sourceTree = "<group>"; };
/* End PBXFileReference section */

/* Begin PBXFrameworksBuildPhase section */
		2B92D5AF2C29AE400005F796 /* Frameworks */ = {
			isa = PBXFrameworksBuildPhase;
			buildActionMask = 2147483647;
			files = (
			);
			runOnlyForDeploymentPostprocessing = 0;
		};
		2B92D5BF2C29AE420005F796 /* Frameworks */ = {
			isa = PBXFrameworksBuildPhase;
			buildActionMask = 2147483647;
			files = (
			);
			runOnlyForDeploymentPostprocessing = 0;
		};
		2B92D5C92C29AE420005F796 /* Frameworks */ = {
			isa = PBXFrameworksBuildPhase;
			buildActionMask = 2147483647;
			files = (
			);
			runOnlyForDeploymentPostprocessing = 0;
		};
/* End PBXFrameworksBuildPhase section */

/* Begin PBXGroup section */
		2B92D5A92C29AE400005F796 = {
			isa = PBXGroup;
			children = (
				2B92D5B42C29AE400005F796 /* navigation */,
				2B92D5C52C29AE420005F796 /* navigationTests */,
				2B92D5CF2C29AE420005F796 /* navigationUITests */,
				2B92D5B32C29AE400005F796 /* Products */,
			);
			sourceTree = "<group>";
		};
		2B92D5B32C29AE400005F796 /* Products */ = {
			isa = PBXGroup;
			children = (
				2B92D5B22C29AE400005F796 /* navigation.app */,
				2B92D5C22C29AE420005F796 /* navigationTests.xctest */,
				2B92D5CC2C29AE420005F796 /* navigationUITests.xctest */,
			);
			name = Products;
			sourceTree = "<group>";
		};
		2B92D5B42C29AE400005F796 /* navigation */ = {
			isa = PBXGroup;
			children = (
				2B92D5B52C29AE400005F796 /* navigationApp.swift */,
				2B92D5B72C29AE400005F796 /* ContentView.swift */,
				2B92D5B92C29AE420005F796 /* Assets.xcassets */,
				2B92D5BB2C29AE420005F796 /* Preview Content */,
			);
			path = navigation;
			sourceTree = "<group>";
		};
		2B92D5BB2C29AE420005F796 /* Preview Content */ = {
			isa = PBXGroup;
			children = (
				2B92D5BC2C29AE420005F796 /* Preview Assets.xcassets */,
			);
			path = "Preview Content";
			sourceTree = "<group>";
		};
		2B92D5C52C29AE420005F796 /* navigationTests */ = {
			isa = PBXGroup;
			children = (
				2B92D5C62C29AE420005F796 /* navigationTests.swift */,
			);
			path = navigationTests;
			sourceTree = "<group>";
		};
		2B92D5CF2C29AE420005F796 /* navigationUITests */ = {
			isa = PBXGroup;
			children = (
				2B92D5D02C29AE420005F796 /* navigationUITests.swift */,
				2B92D5D22C29AE420005F796 /* navigationUITestsLaunchTests.swift */,
			);
			path = navigationUITests;
			sourceTree = "<group>";
		};
/* End PBXGroup section */

/* Begin PBXNativeTarget section */
		2B92D5B12C29AE400005F796 /* navigation */ = {
			isa = PBXNativeTarget;
			buildConfigurationList = 2B92D5D62C29AE420005F796 /* Build configuration list for PBXNativeTarget "navigation" */;
			buildPhases = (
				2B92D5AE2C29AE400005F796 /* Sources */,
				2B92D5AF2C29AE400005F796 /* Frameworks */,
				2B92D5B02C29AE400005F796 /* Resources */,
			);
			buildRules = (
			);
			dependencies = (
			);
			name = navigation;
			productName = navigation;
			productReference = 2B92D5B22C29AE400005F796 /* navigation.app */;
			productType = "com.apple.product-type.application";
		};
		2B92D5C12C29AE420005F796 /* navigationTests */ = {
			isa = PBXNativeTarget;
			buildConfigurationList = 2B92D5D92C29AE420005F796 /* Build configuration list for PBXNativeTarget "navigationTests" */;
			buildPhases = (
				2B92D5BE2C29AE420005F796 /* Sources */,
				2B92D5BF2C29AE420005F796 /* Frameworks */,
				2B92D5C02C29AE420005F796 /* Resources */,
			);
			buildRules = (
			);
			dependencies = (
				2B92D5C42C29AE420005F796 /* PBXTargetDependency */,
			);
			name = navigationTests;
			productName = navigationTests;
			productReference = 2B92D5C22C29AE420005F796 /* navigationTests.xctest */;
			productType = "com.apple.product-type.bundle.unit-test";
		};
		2B92D5CB2C29AE420005F796 /* navigationUITests */ = {
			isa = PBXNativeTarget;
			buildConfigurationList = 2B92D5DC2C29AE420005F796 /* Build configuration list for PBXNativeTarget "navigationUITests" */;
			buildPhases = (
				2B92D5C82C29AE420005F796 /* Sources */,
				2B92D5C92C29AE420005F796 /* Frameworks */,
				2B92D5CA2C29AE420005F796 /* Resources */,
			);
			buildRules = (
			);
			dependencies = (
				2B92D5CE2C29AE420005F796 /* PBXTargetDependency */,
			);
			name = navigationUITests;
			productName = navigationUITests;
			productReference = 2B92D5CC2C29AE420005F796 /* navigationUITests.xctest */;
			productType = "com.apple.product-type.bundle.ui-testing";
		};
/* End PBXNativeTarget section */

/* Begin PBXProject section */
		2B92D5AA2C29AE400005F796 /* Project object */ = {
			isa = PBXProject;
			attributes = {
				BuildIndependentTargetsInParallel = 1;
				LastSwiftUpdateCheck = 1540;
				LastUpgradeCheck = 1540;
				TargetAttributes = {
					2B92D5B12C29AE400005F796 = {
						CreatedOnToolsVersion = 15.4;
					};
					2B92D5C12C29AE420005F796 = {
						CreatedOnToolsVersion = 15.4;
						TestTargetID = 2B92D5B12C29AE400005F796;
					};
					2B92D5CB2C29AE420005F796 = {
						CreatedOnToolsVersion = 15.4;
						TestTargetID = 2B92D5B12C29AE400005F796;
					};
				};
			};
			buildConfigurationList = 2B92D5AD2C29AE400005F796 /* Build configuration list for PBXProject "navigation" */;
			compatibilityVersion = "Xcode 14.0";
			developmentRegion = en;
			hasScannedForEncodings = 0;
			knownRegions = (
				en,
				Base,
			);
			mainGroup = 2B92D5A92C29AE400005F796;
			productRefGroup = 2B92D5B32C29AE400005F796 /* Products */;
			projectDirPath = "";
			projectRoot = "";
			targets = (
				2B92D5B12C29AE400005F796 /* navigation */,
				2B92D5C12C29AE420005F796 /* navigationTests */,
				2B92D5CB2C29AE420005F796 /* navigationUITests */,
			);
		};
/* End PBXProject section */

/* Begin PBXResourcesBuildPhase section */
		2B92D5B02C29AE400005F796 /* Resources */ = {
			isa = PBXResourcesBuildPhase;
			buildActionMask = 2147483647;
			files = (
				2B92D5BD2C29AE420005F796 /* Preview Assets.xcassets in Resources */,
				2B92D5BA2C29AE420005F796 /* Assets.xcassets in Resources */,
			);
			runOnlyForDeploymentPostprocessing = 0;
		};
		2B92D5C02C29AE420005F796 /* Resources */ = {
			isa = PBXResourcesBuildPhase;
			buildActionMask = 2147483647;
			files = (
			);
			runOnlyForDeploymentPostprocessing = 0;
		};
		2B92D5CA2C29AE420005F796 /* Resources */ = {
			isa = PBXResourcesBuildPhase;
			buildActionMask = 2147483647;
			files = (
			);
			runOnlyForDeploymentPostprocessing = 0;
		};
/* End PBXResourcesBuildPhase section */

/* Begin PBXSourcesBuildPhase section */
		2B92D5AE2C29AE400005F796 /* Sources */ = {
			isa = PBXSourcesBuildPhase;
			buildActionMask = 2147483647;
			files = (
				2B92D5B82C29AE400005F796 /* ContentView.swift in Sources */,
				2B92D5B62C29AE400005F796 /* navigationApp.swift in Sources */,
			);
			runOnlyForDeploymentPostprocessing = 0;
		};
		2B92D5BE2C29AE420005F796 /* Sources */ = {
			isa = PBXSourcesBuildPhase;
			buildActionMask = 2147483647;
			files = (
				2B92D5C72C29AE420005F796 /* navigationTests.swift in Sources */,
			);
			runOnlyForDeploymentPostprocessing = 0;
		};
		2B92D5C82C29AE420005F796 /* Sources */ = {
			isa = PBXSourcesBuildPhase;
			buildActionMask = 2147483647;
			files = (
				2B92D5D32C29AE420005F796 /* navigationUITestsLaunchTests.swift in Sources */,
				2B92D5D12C29AE420005F796 /* navigationUITests.swift in Sources */,
			);
			runOnlyForDeploymentPostprocessing = 0;
		};
/* End PBXSourcesBuildPhase section */

/* Begin PBXTargetDependency section */
		2B92D5C42C29AE420005F796 /* PBXTargetDependency */ = {
			isa = PBXTargetDependency;
			target = 2B92D5B12C29AE400005F796 /* navigation */;
			targetProxy = 2B92D5C32C29AE420005F796 /* PBXContainerItemProxy */;
		};
		2B92D5CE2C29AE420005F796 /* PBXTargetDependency */ = {
			isa = PBXTargetDependency;
			target = 2B92D5B12C29AE400005F796 /* navigation */;
			targetProxy = 2B92D5CD2C29AE420005F796 /* PBXContainerItemProxy */;
		};
/* End PBXTargetDependency section */

/* Begin XCBuildConfiguration section */
		2B92D5D42C29AE420005F796 /* Debug */ = {
			isa = XCBuildConfiguration;
			buildSettings = {
				ALWAYS_SEARCH_USER_PATHS = NO;
				ASSETCATALOG_COMPILER_GENERATE_SWIFT_ASSET_SYMBOL_EXTENSIONS = YES;
				CLANG_ANALYZER_NONNULL = YES;
				CLANG_ANALYZER_NUMBER_OBJECT_CONVERSION = YES_AGGRESSIVE;
				CLANG_CXX_LANGUAGE_STANDARD = "gnu++20";
				CLANG_ENABLE_MODULES = YES;
				CLANG_ENABLE_OBJC_ARC = YES;
				CLANG_ENABLE_OBJC_WEAK = YES;
				CLANG_WARN_BLOCK_CAPTURE_AUTORELEASING = YES;
				CLANG_WARN_BOOL_CONVERSION = YES;
				CLANG_WARN_COMMA = YES;
				CLANG_WARN_CONSTANT_CONVERSION = YES;
				CLANG_WARN_DEPRECATED_OBJC_IMPLEMENTATIONS = YES;
				CLANG_WARN_DIRECT_OBJC_ISA_USAGE = YES_ERROR;
				CLANG_WARN_DOCUMENTATION_COMMENTS = YES;
				CLANG_WARN_EMPTY_BODY = YES;
				CLANG_WARN_ENUM_CONVERSION = YES;
				CLANG_WARN_INFINITE_RECURSION = YES;
				CLANG_WARN_INT_CONVERSION = YES;
				CLANG_WARN_NON_LITERAL_NULL_CONVERSION = YES;
				CLANG_WARN_OBJC_IMPLICIT_RETAIN_SELF = YES;
				CLANG_WARN_OBJC_LITERAL_CONVERSION = YES;
				CLANG_WARN_OBJC_ROOT_CLASS = YES_ERROR;
				CLANG_WARN_QUOTED_INCLUDE_IN_FRAMEWORK_HEADER = YES;
				CLANG_WARN_RANGE_LOOP_ANALYSIS = YES;
				CLANG_WARN_STRICT_PROTOTYPES = YES;
				CLANG_WARN_SUSPICIOUS_MOVE = YES;
				CLANG_WARN_UNGUARDED_AVAILABILITY = YES_AGGRESSIVE;
				CLANG_WARN_UNREACHABLE_CODE = YES;
				CLANG_WARN__DUPLICATE_METHOD_MATCH = YES;
				COPY_PHASE_STRIP = NO;
				DEBUG_INFORMATION_FORMAT = dwarf;
				ENABLE_STRICT_OBJC_MSGSEND = YES;
				ENABLE_TESTABILITY = YES;
				ENABLE_USER_SCRIPT_SANDBOXING = YES;
				GCC_C_LANGUAGE_STANDARD = gnu17;
				GCC_DYNAMIC_NO_PIC = NO;
				GCC_NO_COMMON_BLOCKS = YES;
				GCC_OPTIMIZATION_LEVEL = 0;
				GCC_PREPROCESSOR_DEFINITIONS = (
					"DEBUG=1",
					"$(inherited)",
				);
				GCC_WARN_64_TO_32_BIT_CONVERSION = YES;
				GCC_WARN_ABOUT_RETURN_TYPE = YES_ERROR;
				GCC_WARN_UNDECLARED_SELECTOR = YES;
				GCC_WARN_UNINITIALIZED_AUTOS = YES_AGGRESSIVE;
				GCC_WARN_UNUSED_FUNCTION = YES;
				GCC_WARN_UNUSED_VARIABLE = YES;
				IPHONEOS_DEPLOYMENT_TARGET = 17.5;
				LOCALIZATION_PREFERS_STRING_CATALOGS = YES;
				MTL_ENABLE_DEBUG_INFO = INCLUDE_SOURCE;
				MTL_FAST_MATH = YES;
				ONLY_ACTIVE_ARCH = YES;
				SDKROOT = iphoneos;
				SWIFT_ACTIVE_COMPILATION_CONDITIONS = "DEBUG $(inherited)";
				SWIFT_OPTIMIZATION_LEVEL = "-Onone";
			};
			name = Debug;
		};
		2B92D5D52C29AE420005F796 /* Release */ = {
			isa = XCBuildConfiguration;
			buildSettings = {
				ALWAYS_SEARCH_USER_PATHS = NO;
				ASSETCATALOG_COMPILER_GENERATE_SWIFT_ASSET_SYMBOL_EXTENSIONS = YES;
				CLANG_ANALYZER_NONNULL = YES;
				CLANG_ANALYZER_NUMBER_OBJECT_CONVERSION = YES_AGGRESSIVE;
				CLANG_CXX_LANGUAGE_STANDARD = "gnu++20";
				CLANG_ENABLE_MODULES = YES;
				CLANG_ENABLE_OBJC_ARC = YES;
				CLANG_ENABLE_OBJC_WEAK = YES;
				CLANG_WARN_BLOCK_CAPTURE_AUTORELEASING = YES;
				CLANG_WARN_BOOL_CONVERSION = YES;
				CLANG_WARN_COMMA = YES;
				CLANG_WARN_CONSTANT_CONVERSION = YES;
				CLANG_WARN_DEPRECATED_OBJC_IMPLEMENTATIONS = YES;
				CLANG_WARN_DIRECT_OBJC_ISA_USAGE = YES_ERROR;
				CLANG_WARN_DOCUMENTATION_COMMENTS = YES;
				CLANG_WARN_EMPTY_BODY = YES;
				CLANG_WARN_ENUM_CONVERSION = YES;
				CLANG_WARN_INFINITE_RECURSION = YES;
				CLANG_WARN_INT_CONVERSION = YES;
				CLANG_WARN_NON_LITERAL_NULL_CONVERSION = YES;
				CLANG_WARN_OBJC_IMPLICIT_RETAIN_SELF = YES;
				CLANG_WARN_OBJC_LITERAL_CONVERSION = YES;
				CLANG_WARN_OBJC_ROOT_CLASS = YES_ERROR;
				CLANG_WARN_QUOTED_INCLUDE_IN_FRAMEWORK_HEADER = YES;
				CLANG_WARN_RANGE_LOOP_ANALYSIS = YES;
				CLANG_WARN_STRICT_PROTOTYPES = YES;
				CLANG_WARN_SUSPICIOUS_MOVE = YES;
				CLANG_WARN_UNGUARDED_AVAILABILITY = YES_AGGRESSIVE;
				CLANG_WARN_UNREACHABLE_CODE = YES;
				CLANG_WARN__DUPLICATE_METHOD_MATCH = YES;
				COPY_PHASE_STRIP = NO;
				DEBUG_INFORMATION_FORMAT = "dwarf-with-dsym";
				ENABLE_NS_ASSERTIONS = NO;
				ENABLE_STRICT_OBJC_MSGSEND = YES;
				ENABLE_USER_SCRIPT_SANDBOXING = YES;
				GCC_C_LANGUAGE_STANDARD = gnu17;
				GCC_NO_COMMON_BLOCKS = YES;
				GCC_WARN_64_TO_32_BIT_CONVERSION = YES;
				GCC_WARN_ABOUT_RETURN_TYPE = YES_ERROR;
				GCC_WARN_UNDECLARED_SELECTOR = YES;
				GCC_WARN_UNINITIALIZED_AUTOS = YES_AGGRESSIVE;
				GCC_WARN_UNUSED_FUNCTION = YES;
				GCC_WARN_UNUSED_VARIABLE = YES;
				IPHONEOS_DEPLOYMENT_TARGET = 17.5;
				LOCALIZATION_PREFERS_STRING_CATALOGS = YES;
				MTL_ENABLE_DEBUG_INFO = NO;
				MTL_FAST_MATH = YES;
				SDKROOT = iphoneos;
				SWIFT_COMPILATION_MODE = wholemodule;
				VALIDATE_PRODUCT = YES;
			};
			name = Release;
		};
		2B92D5D72C29AE420005F796 /* Debug */ = {
			isa = XCBuildConfiguration;
			buildSettings = {
				ASSETCATALOG_COMPILER_APPICON_NAME = AppIcon;
				ASSETCATALOG_COMPILER_GLOBAL_ACCENT_COLOR_NAME = AccentColor;
				CODE_SIGN_STYLE = Automatic;
				CURRENT_PROJECT_VERSION = 1;
				DEVELOPMENT_ASSET_PATHS = "\"navigation/Preview Content\"";
				DEVELOPMENT_TEAM = SCQ33YNG7Z;
				ENABLE_PREVIEWS = YES;
				GENERATE_INFOPLIST_FILE = YES;
				INFOPLIST_KEY_UIApplicationSceneManifest_Generation = YES;
				INFOPLIST_KEY_UIApplicationSupportsIndirectInputEvents = YES;
				INFOPLIST_KEY_UILaunchScreen_Generation = YES;
				INFOPLIST_KEY_UISupportedInterfaceOrientations_iPad = "UIInterfaceOrientationPortrait UIInterfaceOrientationPortraitUpsideDown UIInterfaceOrientationLandscapeLeft UIInterfaceOrientationLandscapeRight";
				INFOPLIST_KEY_UISupportedInterfaceOrientations_iPhone = "UIInterfaceOrientationPortrait UIInterfaceOrientationLandscapeLeft UIInterfaceOrientationLandscapeRight";
				LD_RUNPATH_SEARCH_PATHS = (
					"$(inherited)",
					"@executable_path/Frameworks",
				);
				MARKETING_VERSION = 1.0;
				PRODUCT_BUNDLE_IDENTIFIER = KWK.navigation;
				PRODUCT_NAME = "$(TARGET_NAME)";
				SWIFT_EMIT_LOC_STRINGS = YES;
				SWIFT_VERSION = 5.0;
				TARGETED_DEVICE_FAMILY = "1,2";
			};
			name = Debug;
		};
		2B92D5D82C29AE420005F796 /* Release */ = {
			isa = XCBuildConfiguration;
			buildSettings = {
				ASSETCATALOG_COMPILER_APPICON_NAME = AppIcon;
				ASSETCATALOG_COMPILER_GLOBAL_ACCENT_COLOR_NAME = AccentColor;
				CODE_SIGN_STYLE = Automatic;
				CURRENT_PROJECT_VERSION = 1;
				DEVELOPMENT_ASSET_PATHS = "\"navigation/Preview Content\"";
				DEVELOPMENT_TEAM = SCQ33YNG7Z;
				ENABLE_PREVIEWS = YES;
				GENERATE_INFOPLIST_FILE = YES;
				INFOPLIST_KEY_UIApplicationSceneManifest_Generation = YES;
				INFOPLIST_KEY_UIApplicationSupportsIndirectInputEvents = YES;
				INFOPLIST_KEY_UILaunchScreen_Generation = YES;
				INFOPLIST_KEY_UISupportedInterfaceOrientations_iPad = "UIInterfaceOrientationPortrait UIInterfaceOrientationPortraitUpsideDown UIInterfaceOrientationLandscapeLeft UIInterfaceOrientationLandscapeRight";
				INFOPLIST_KEY_UISupportedInterfaceOrientations_iPhone = "UIInterfaceOrientationPortrait UIInterfaceOrientationLandscapeLeft UIInterfaceOrientationLandscapeRight";
				LD_RUNPATH_SEARCH_PATHS = (
					"$(inherited)",
					"@executable_path/Frameworks",
				);
				MARKETING_VERSION = 1.0;
				PRODUCT_BUNDLE_IDENTIFIER = KWK.navigation;
				PRODUCT_NAME = "$(TARGET_NAME)";
				SWIFT_EMIT_LOC_STRINGS = YES;
				SWIFT_VERSION = 5.0;
				TARGETED_DEVICE_FAMILY = "1,2";
			};
			name = Release;
		};
		2B92D5DA2C29AE420005F796 /* Debug */ = {
			isa = XCBuildConfiguration;
			buildSettings = {
				ALWAYS_EMBED_SWIFT_STANDARD_LIBRARIES = YES;
				BUNDLE_LOADER = "$(TEST_HOST)";
				CODE_SIGN_STYLE = Automatic;
				CURRENT_PROJECT_VERSION = 1;
				DEVELOPMENT_TEAM = SCQ33YNG7Z;
				GENERATE_INFOPLIST_FILE = YES;
				IPHONEOS_DEPLOYMENT_TARGET = 17.5;
				MARKETING_VERSION = 1.0;
				PRODUCT_BUNDLE_IDENTIFIER = KWK.navigationTests;
				PRODUCT_NAME = "$(TARGET_NAME)";
				SWIFT_EMIT_LOC_STRINGS = NO;
				SWIFT_VERSION = 5.0;
				TARGETED_DEVICE_FAMILY = "1,2";
				TEST_HOST = "$(BUILT_PRODUCTS_DIR)/navigation.app/$(BUNDLE_EXECUTABLE_FOLDER_PATH)/navigation";
			};
			name = Debug;
		};
		2B92D5DB2C29AE420005F796 /* Release */ = {
			isa = XCBuildConfiguration;
			buildSettings = {
				ALWAYS_EMBED_SWIFT_STANDARD_LIBRARIES = YES;
				BUNDLE_LOADER = "$(TEST_HOST)";
				CODE_SIGN_STYLE = Automatic;
				CURRENT_PROJECT_VERSION = 1;
				DEVELOPMENT_TEAM = SCQ33YNG7Z;
				GENERATE_INFOPLIST_FILE = YES;
				IPHONEOS_DEPLOYMENT_TARGET = 17.5;
				MARKETING_VERSION = 1.0;
				PRODUCT_BUNDLE_IDENTIFIER = KWK.navigationTests;
				PRODUCT_NAME = "$(TARGET_NAME)";
				SWIFT_EMIT_LOC_STRINGS = NO;
				SWIFT_VERSION = 5.0;
				TARGETED_DEVICE_FAMILY = "1,2";
				TEST_HOST = "$(BUILT_PRODUCTS_DIR)/navigation.app/$(BUNDLE_EXECUTABLE_FOLDER_PATH)/navigation";
			};
			name = Release;
		};
		2B92D5DD2C29AE420005F796 /* Debug */ = {
			isa = XCBuildConfiguration;
			buildSettings = {
				ALWAYS_EMBED_SWIFT_STANDARD_LIBRARIES = YES;
				CODE_SIGN_STYLE = Automatic;
				CURRENT_PROJECT_VERSION = 1;
				DEVELOPMENT_TEAM = SCQ33YNG7Z;
				GENERATE_INFOPLIST_FILE = YES;
				MARKETING_VERSION = 1.0;
				PRODUCT_BUNDLE_IDENTIFIER = KWK.navigationUITests;
				PRODUCT_NAME = "$(TARGET_NAME)";
				SWIFT_EMIT_LOC_STRINGS = NO;
				SWIFT_VERSION = 5.0;
				TARGETED_DEVICE_FAMILY = "1,2";
				TEST_TARGET_NAME = navigation;
			};
			name = Debug;
		};
		2B92D5DE2C29AE420005F796 /* Release */ = {
			isa = XCBuildConfiguration;
			buildSettings = {
				ALWAYS_EMBED_SWIFT_STANDARD_LIBRARIES = YES;
				CODE_SIGN_STYLE = Automatic;
				CURRENT_PROJECT_VERSION = 1;
				DEVELOPMENT_TEAM = SCQ33YNG7Z;
				GENERATE_INFOPLIST_FILE = YES;
				MARKETING_VERSION = 1.0;
				PRODUCT_BUNDLE_IDENTIFIER = KWK.navigationUITests;
				PRODUCT_NAME = "$(TARGET_NAME)";
				SWIFT_EMIT_LOC_STRINGS = NO;
				SWIFT_VERSION = 5.0;
				TARGETED_DEVICE_FAMILY = "1,2";
				TEST_TARGET_NAME = navigation;
			};
			name = Release;
		};
/* End XCBuildConfiguration section */

/* Begin XCConfigurationList section */
		2B92D5AD2C29AE400005F796 /* Build configuration list for PBXProject "navigation" */ = {
			isa = XCConfigurationList;
			buildConfigurations = (
				2B92D5D42C29AE420005F796 /* Debug */,
				2B92D5D52C29AE420005F796 /* Release */,
			);
			defaultConfigurationIsVisible = 0;
			defaultConfigurationName = Release;
		};
		2B92D5D62C29AE420005F796 /* Build configuration list for PBXNativeTarget "navigation" */ = {
			isa = XCConfigurationList;
			buildConfigurations = (
				2B92D5D72C29AE420005F796 /* Debug */,
				2B92D5D82C29AE420005F796 /* Release */,
			);
			defaultConfigurationIsVisible = 0;
			defaultConfigurationName = Release;
		};
		2B92D5D92C29AE420005F796 /* Build configuration list for PBXNativeTarget "navigationTests" */ = {
			isa = XCConfigurationList;
			buildConfigurations = (
				2B92D5DA2C29AE420005F796 /* Debug */,
				2B92D5DB2C29AE420005F796 /* Release */,
			);
			defaultConfigurationIsVisible = 0;
			defaultConfigurationName = Release;
		};
		2B92D5DC2C29AE420005F796 /* Build configuration list for PBXNativeTarget "navigationUITests" */ = {
			isa = XCConfigurationList;
			buildConfigurations = (
				2B92D5DD2C29AE420005F796 /* Debug */,
				2B92D5DE2C29AE420005F796 /* Release */,
			);
			defaultConfigurationIsVisible = 0;
			defaultConfigurationName = Release;
		};
/* End XCConfigurationList section */
	};
	rootObject = 2B92D5AA2C29AE400005F796 /* Project object */;
}
